
Microsoft Visual Studio Solution File, Format Version 12.00
# Visual Studio 15
VisualStudioVersion = 15.0.27130.2027
MinimumVisualStudioVersion = 10.0.40219.1
Project("{FAE04EC0-301F-11D3-BF4B-00C04F79EFBC}") = "DisneyWindows", "DisneyWindows.csproj", "{BA8020EE-EC15-4B0C-95A4-D26DF50AAE28}"
EndProject
Project("{FAE04EC0-301F-11D3-BF4B-00C04F79EFBC}") = "DisneyLibWin", "..\DisneyLibWin\DisneyLibWin.csproj", "{AFCEE87A-ECB1-457A-A5E8-B61B68586720}"
EndProject
Global
	GlobalSection(SolutionConfigurationPlatforms) = preSolution
		Debug|Any CPU = Debug|Any CPU
		Release|Any CPU = Release|Any CPU
	EndGlobalSection
	GlobalSection(ProjectConfigurationPlatforms) = postSolution
		{BA8020EE-EC15-4B0C-95A4-D26DF50AAE28}.Debug|Any CPU.ActiveCfg = Debug|Any CPU
		{BA8020EE-EC15-4B0C-95A4-D26DF50AAE28}.Debug|Any CPU.Build.0 = Debug|Any CPU
		{BA8020EE-EC15-4B0C-95A4-D26DF50AAE28}.Release|Any CPU.ActiveCfg = Release|Any CPU
		{BA8020EE-EC15-4B0C-95A4-D26DF50AAE28}.Release|Any CPU.Build.0 = Release|Any CPU
		{AFCEE87A-ECB1-457A-A5E8-B61B68586720}.Debug|Any CPU.ActiveCfg = Debug|Any CPU
		{AFCEE87A-ECB1-457A-A5E8-B61B68586720}.Debug|Any CPU.Build.0 = Debug|Any CPU
		{AFCEE87A-ECB1-457A-A5E8-B61B68586720}.Release|Any CPU.ActiveCfg = Release|Any CPU
		{AFCEE87A-ECB1-457A-A5E8-B61B68586720}.Release|Any CPU.Build.0 = Release|Any CPU
	EndGlobalSection
	GlobalSection(SolutionProperties) = preSolution
		HideSolutionNode = FALSE
	EndGlobalSection
	GlobalSection(ExtensibilityGlobals) = postSolution
		SolutionGuid = {61FDE725-F312-4683-B9C1-F6C0FBE70B62}
	EndGlobalSection
EndGlobal
